
Microsoft Visual Studio Solution File, Format Version 12.00
# Visual Studio Version 17
VisualStudioVersion = 17.14.36414.22 d17.14
MinimumVisualStudioVersion = 10.0.40219.1
Project("{FAE04EC0-301F-11D3-BF4B-00C04F79EFBC}") = "Day04Lap_LayOut", "Day04Lap_LayOut\Day04Lap_LayOut.csproj", "{AEF0172B-C0CE-4CC4-B900-90E209682041}"
EndProject
Global
	GlobalSection(SolutionConfigurationPlatforms) = preSolution
		Debug|Any CPU = Debug|Any CPU
		Release|Any CPU = Release|Any CPU
	EndGlobalSection
	GlobalSection(ProjectConfigurationPlatforms) = postSolution
		{AEF0172B-C0CE-4CC4-B900-90E209682041}.Debug|Any CPU.ActiveCfg = Debug|Any CPU
		{AEF0172B-C0CE-4CC4-B900-90E209682041}.Debug|Any CPU.Build.0 = Debug|Any CPU
		{AEF0172B-C0CE-4CC4-B900-90E209682041}.Release|Any CPU.ActiveCfg = Release|Any CPU
		{AEF0172B-C0CE-4CC4-B900-90E209682041}.Release|Any CPU.Build.0 = Release|Any CPU
	EndGlobalSection
	GlobalSection(SolutionProperties) = preSolution
		HideSolutionNode = FALSE
	EndGlobalSection
	GlobalSection(ExtensibilityGlobals) = postSolution
		SolutionGuid = {D776C776-771C-43D4-8BDB-20DFC70F6EBA}
	EndGlobalSection
EndGlobal
